
Microsoft Visual Studio Solution File, Format Version 12.00
# Visual Studio Version 17
VisualStudioVersion = 17.0.31903.59
MinimumVisualStudioVersion = 10.0.40219.1
Project("{FAE04EC0-301F-11D3-BF4B-00C04F79EFBC}") = "DotnetLoggingLibrary", "DotnetLoggingLibrary\DotnetLoggingLibrary.csproj", "{C097C1DA-8AD4-43B2-9B8F-8E359417BE1E}"
EndProject
Project("{FAE04EC0-301F-11D3-BF4B-00C04F79EFBC}") = "ShowCase", "ShowCase\ShowCase.csproj", "{0BBE3A80-0058-4204-98AB-025E8390899D}"
EndProject
Global
	GlobalSection(SolutionConfigurationPlatforms) = preSolution
		Debug|Any CPU = Debug|Any CPU
		Release|Any CPU = Release|Any CPU
	EndGlobalSection
	GlobalSection(SolutionProperties) = preSolution
		HideSolutionNode = FALSE
	EndGlobalSection
	GlobalSection(ProjectConfigurationPlatforms) = postSolution
		{C097C1DA-8AD4-43B2-9B8F-8E359417BE1E}.Debug|Any CPU.ActiveCfg = Debug|Any CPU
		{C097C1DA-8AD4-43B2-9B8F-8E359417BE1E}.Debug|Any CPU.Build.0 = Debug|Any CPU
		{C097C1DA-8AD4-43B2-9B8F-8E359417BE1E}.Release|Any CPU.ActiveCfg = Release|Any CPU
		{C097C1DA-8AD4-43B2-9B8F-8E359417BE1E}.Release|Any CPU.Build.0 = Release|Any CPU
		{0BBE3A80-0058-4204-98AB-025E8390899D}.Debug|Any CPU.ActiveCfg = Debug|Any CPU
		{0BBE3A80-0058-4204-98AB-025E8390899D}.Debug|Any CPU.Build.0 = Debug|Any CPU
		{0BBE3A80-0058-4204-98AB-025E8390899D}.Release|Any CPU.ActiveCfg = Release|Any CPU
		{0BBE3A80-0058-4204-98AB-025E8390899D}.Release|Any CPU.Build.0 = Release|Any CPU
	EndGlobalSection
EndGlobal
